
Microsoft Visual Studio Solution File, Format Version 12.00
# Visual Studio Version 17
VisualStudioVersion = 17.11.35222.181
MinimumVisualStudioVersion = 10.0.40219.1
Project("{FAE04EC0-301F-11D3-BF4B-00C04F79EFBC}") = "Class_project", "Class_project.csproj", "{879E6A53-D6CA-41E3-9D2F-F94A2CBB5E86}"
EndProject
Global
	GlobalSection(SolutionConfigurationPlatforms) = preSolution
		Debug|Any CPU = Debug|Any CPU
		Release|Any CPU = Release|Any CPU
	EndGlobalSection
	GlobalSection(ProjectConfigurationPlatforms) = postSolution
		{879E6A53-D6CA-41E3-9D2F-F94A2CBB5E86}.Debug|Any CPU.ActiveCfg = Debug|Any CPU
		{879E6A53-D6CA-41E3-9D2F-F94A2CBB5E86}.Debug|Any CPU.Build.0 = Debug|Any CPU
		{879E6A53-D6CA-41E3-9D2F-F94A2CBB5E86}.Release|Any CPU.ActiveCfg = Release|Any CPU
		{879E6A53-D6CA-41E3-9D2F-F94A2CBB5E86}.Release|Any CPU.Build.0 = Release|Any CPU
	EndGlobalSection
	GlobalSection(SolutionProperties) = preSolution
		HideSolutionNode = FALSE
	EndGlobalSection
	GlobalSection(ExtensibilityGlobals) = postSolution
		SolutionGuid = {2669916D-E5AA-4CA3-9F3F-6EEE93A8A9A6}
	EndGlobalSection
EndGlobal
